
Microsoft Visual Studio Solution File, Format Version 12.00
# Visual Studio Version 17
VisualStudioVersion = 17.7.34221.43
MinimumVisualStudioVersion = 10.0.40219.1
Project("{9A19103F-16F7-4668-BE54-9A1E7A4F7556}") = "VNet.Calendar", "VNet.Calendar\VNet.Calendar.csproj", "{A2A147DD-4673-4ADC-ABA4-31C48E6CBCE0}"
EndProject
Project("{9A19103F-16F7-4668-BE54-9A1E7A4F7556}") = "VNet.Calendar.Tests", "VNet.Calendar.Tests\VNet.Calendar.Tests.csproj", "{A7317AF3-200D-4996-9FEE-DE3A08C88891}"
EndProject
Project("{2150E333-8FDC-42A3-9474-1A3956D46DE8}") = ".version", ".version", "{2890BFFB-A649-4FC2-956E-29C63502DB01}"
	ProjectSection(SolutionItems) = preProject
		.version\version.json = .version\version.json
	EndProjectSection
EndProject
Global
	GlobalSection(SolutionConfigurationPlatforms) = preSolution
		Debug|Any CPU = Debug|Any CPU
		Release|Any CPU = Release|Any CPU
	EndGlobalSection
	GlobalSection(ProjectConfigurationPlatforms) = postSolution
		{A2A147DD-4673-4ADC-ABA4-31C48E6CBCE0}.Debug|Any CPU.ActiveCfg = Debug|Any CPU
		{A2A147DD-4673-4ADC-ABA4-31C48E6CBCE0}.Debug|Any CPU.Build.0 = Debug|Any CPU
		{A2A147DD-4673-4ADC-ABA4-31C48E6CBCE0}.Release|Any CPU.ActiveCfg = Release|Any CPU
		{A2A147DD-4673-4ADC-ABA4-31C48E6CBCE0}.Release|Any CPU.Build.0 = Release|Any CPU
		{A7317AF3-200D-4996-9FEE-DE3A08C88891}.Debug|Any CPU.ActiveCfg = Debug|Any CPU
		{A7317AF3-200D-4996-9FEE-DE3A08C88891}.Debug|Any CPU.Build.0 = Debug|Any CPU
		{A7317AF3-200D-4996-9FEE-DE3A08C88891}.Release|Any CPU.ActiveCfg = Release|Any CPU
		{A7317AF3-200D-4996-9FEE-DE3A08C88891}.Release|Any CPU.Build.0 = Release|Any CPU
	EndGlobalSection
	GlobalSection(SolutionProperties) = preSolution
		HideSolutionNode = FALSE
	EndGlobalSection
	GlobalSection(ExtensibilityGlobals) = postSolution
		SolutionGuid = {FEC72539-E051-4406-B139-2E2AF5B647AA}
	EndGlobalSection
EndGlobal
